// !$*UTF8*$!
{
	archiveVersion = 1;
	classes = {
	};
	objectVersion = 54;
	objects = {

/* Begin PBXBuildFile section */
		2A06CF6A28FBDD7900557B9C /* AppDelegate.swift in Sources */ = {isa = PBXBuildFile; fileRef = 2A06CF6928FBDD7900557B9C /* AppDelegate.swift */; };
		2A06CF6C28FBDD7900557B9C /* SceneDelegate.swift in Sources */ = {isa = PBXBuildFile; fileRef = 2A06CF6B28FBDD7900557B9C /* SceneDelegate.swift */; };
		2A06CF7128FBDD7900557B9C /* Main.storyboard in Resources */ = {isa = PBXBuildFile; fileRef = 2A06CF6F28FBDD7900557B9C /* Main.storyboard */; };
		2A06CF7328FBDD8600557B9C /* Assets.xcassets in Resources */ = {isa = PBXBuildFile; fileRef = 2A06CF7228FBDD8600557B9C /* Assets.xcassets */; };
		2A06CF7628FBDD8600557B9C /* LaunchScreen.storyboard in Resources */ = {isa = PBXBuildFile; fileRef = 2A06CF7428FBDD8600557B9C /* LaunchScreen.storyboard */; };
		2AC1074128FC4544008DFAFB /* ViewController.swift in Sources */ = {isa = PBXBuildFile; fileRef = 2AC1073728FC4543008DFAFB /* ViewController.swift */; };
		2AC1074228FC4544008DFAFB /* MainCoordinator.swift in Sources */ = {isa = PBXBuildFile; fileRef = 2AC1073828FC4543008DFAFB /* MainCoordinator.swift */; };
		2AC1074328FC4544008DFAFB /* Models.swift in Sources */ = {isa = PBXBuildFile; fileRef = 2AC1073A28FC4543008DFAFB /* Models.swift */; };
		2AC1074428FC4544008DFAFB /* DetailsCoordinator.swift in Sources */ = {isa = PBXBuildFile; fileRef = 2AC1073C28FC4543008DFAFB /* DetailsCoordinator.swift */; };
		2AC1074528FC4544008DFAFB /* DetailsViewController.swift in Sources */ = {isa = PBXBuildFile; fileRef = 2AC1073D28FC4543008DFAFB /* DetailsViewController.swift */; };
		2AC1074628FC4544008DFAFB /* CoordinatorBoard.swift in Sources */ = {isa = PBXBuildFile; fileRef = 2AC1073F28FC4543008DFAFB /* CoordinatorBoard.swift */; };
		2AC1074728FC4544008DFAFB /* Coordinator.swift in Sources */ = {isa = PBXBuildFile; fileRef = 2AC1074028FC4543008DFAFB /* Coordinator.swift */; };
/* End PBXBuildFile section */

/* Begin PBXFileReference section */
		2A06CF6628FBDD7800557B9C /* CoordinatorDemo.app */ = {isa = PBXFileReference; explicitFileType = wrapper.application; includeInIndex = 0; path = CoordinatorDemo.app; sourceTree = BUILT_PRODUCTS_DIR; };
		2A06CF6928FBDD7900557B9C /* AppDelegate.swift */ = {isa = PBXFileReference; lastKnownFileType = sourcecode.swift; path = AppDelegate.swift; sourceTree = "<group>"; };
		2A06CF6B28FBDD7900557B9C /* SceneDelegate.swift */ = {isa = PBXFileReference; lastKnownFileType = sourcecode.swift; path = SceneDelegate.swift; sourceTree = "<group>"; };
		2A06CF7028FBDD7900557B9C /* Base */ = {isa = PBXFileReference; lastKnownFileType = file.storyboard; name = Base; path = Base.lproj/Main.storyboard; sourceTree = "<group>"; };
		2A06CF7228FBDD8600557B9C /* Assets.xcassets */ = {isa = PBXFileReference; lastKnownFileType = folder.assetcatalog; path = Assets.xcassets; sourceTree = "<group>"; };
		2A06CF7528FBDD8600557B9C /* Base */ = {isa = PBXFileReference; lastKnownFileType = file.storyboard; name = Base; path = Base.lproj/LaunchScreen.storyboard; sourceTree = "<group>"; };
		2A06CF7728FBDD8600557B9C /* Info.plist */ = {isa = PBXFileReference; lastKnownFileType = text.plist.xml; path = Info.plist; sourceTree = "<group>"; };
		2AC1073728FC4543008DFAFB /* ViewController.swift */ = {isa = PBXFileReference; fileEncoding = 4; lastKnownFileType = sourcecode.swift; path = ViewController.swift; sourceTree = "<group>"; };
		2AC1073828FC4543008DFAFB /* MainCoordinator.swift */ = {isa = PBXFileReference; fileEncoding = 4; lastKnownFileType = sourcecode.swift; path = MainCoordinator.swift; sourceTree = "<group>"; };
		2AC1073A28FC4543008DFAFB /* Models.swift */ = {isa = PBXFileReference; fileEncoding = 4; lastKnownFileType = sourcecode.swift; path = Models.swift; sourceTree = "<group>"; };
		2AC1073C28FC4543008DFAFB /* DetailsCoordinator.swift */ = {isa = PBXFileReference; fileEncoding = 4; lastKnownFileType = sourcecode.swift; path = DetailsCoordinator.swift; sourceTree = "<group>"; };
		2AC1073D28FC4543008DFAFB /* DetailsViewController.swift */ = {isa = PBXFileReference; fileEncoding = 4; lastKnownFileType = sourcecode.swift; path = DetailsViewController.swift; sourceTree = "<group>"; };
		2AC1073F28FC4543008DFAFB /* CoordinatorBoard.swift */ = {isa = PBXFileReference; fileEncoding = 4; lastKnownFileType = sourcecode.swift; path = CoordinatorBoard.swift; sourceTree = "<group>"; };
		2AC1074028FC4543008DFAFB /* Coordinator.swift */ = {isa = PBXFileReference; fileEncoding = 4; lastKnownFileType = sourcecode.swift; path = Coordinator.swift; sourceTree = "<group>"; };
/* End PBXFileReference section */

/* Begin PBXFrameworksBuildPhase section */
		2A06CF6328FBDD7800557B9C /* Frameworks */ = {
			isa = PBXFrameworksBuildPhase;
			buildActionMask = 2147483647;
			files = (
			);
			runOnlyForDeploymentPostprocessing = 0;
		};
/* End PBXFrameworksBuildPhase section */

/* Begin PBXGroup section */
		2A06CF5D28FBDD7800557B9C = {
			isa = PBXGroup;
			children = (
				2A06CF6828FBDD7800557B9C /* CoordinatorDemo */,
				2A06CF6728FBDD7800557B9C /* Products */,
			);
			sourceTree = "<group>";
			wrapsLines = 1;
		};
		2A06CF6728FBDD7800557B9C /* Products */ = {
			isa = PBXGroup;
			children = (
				2A06CF6628FBDD7800557B9C /* CoordinatorDemo.app */,
			);
			name = Products;
			sourceTree = "<group>";
		};
		2A06CF6828FBDD7800557B9C /* CoordinatorDemo */ = {
			isa = PBXGroup;
			children = (
				2A06CF6928FBDD7900557B9C /* AppDelegate.swift */,
				2A06CF6B28FBDD7900557B9C /* SceneDelegate.swift */,
				2AC1073E28FC4543008DFAFB /* Coordinators */,
				2AC1073B28FC4543008DFAFB /* DetailsModule */,
				2AC1073928FC4543008DFAFB /* Models */,
				2AC1073628FC4543008DFAFB /* RootModule */,
				2A06CF6F28FBDD7900557B9C /* Main.storyboard */,
				2A06CF7228FBDD8600557B9C /* Assets.xcassets */,
				2A06CF7428FBDD8600557B9C /* LaunchScreen.storyboard */,
				2A06CF7728FBDD8600557B9C /* Info.plist */,
			);
			path = CoordinatorDemo;
			sourceTree = "<group>";
		};
		2AC1073628FC4543008DFAFB /* RootModule */ = {
			isa = PBXGroup;
			children = (
				2AC1073728FC4543008DFAFB /* ViewController.swift */,
				2AC1073828FC4543008DFAFB /* MainCoordinator.swift */,
			);
			path = RootModule;
			sourceTree = "<group>";
		};
		2AC1073928FC4543008DFAFB /* Models */ = {
			isa = PBXGroup;
			children = (
				2AC1073A28FC4543008DFAFB /* Models.swift */,
			);
			path = Models;
			sourceTree = "<group>";
		};
		2AC1073B28FC4543008DFAFB /* DetailsModule */ = {
			isa = PBXGroup;
			children = (
				2AC1073C28FC4543008DFAFB /* DetailsCoordinator.swift */,
				2AC1073D28FC4543008DFAFB /* DetailsViewController.swift */,
			);
			path = DetailsModule;
			sourceTree = "<group>";
		};
		2AC1073E28FC4543008DFAFB /* Coordinators */ = {
			isa = PBXGroup;
			children = (
				2AC1073F28FC4543008DFAFB /* CoordinatorBoard.swift */,
				2AC1074028FC4543008DFAFB /* Coordinator.swift */,
			);
			path = Coordinators;
			sourceTree = "<group>";
		};
/* End PBXGroup section */

/* Begin PBXNativeTarget section */
		2A06CF6528FBDD7800557B9C /* CoordinatorDemo */ = {
			isa = PBXNativeTarget;
			buildConfigurationList = 2A06CF7A28FBDD8600557B9C /* Build configuration list for PBXNativeTarget "CoordinatorDemo" */;
			buildPhases = (
				2A06CF6228FBDD7800557B9C /* Sources */,
				2A06CF6328FBDD7800557B9C /* Frameworks */,
				2A06CF6428FBDD7800557B9C /* Resources */,
			);
			buildRules = (
			);
			dependencies = (
			);
			name = CoordinatorDemo;
			productName = CoordinatorDemo;
			productReference = 2A06CF6628FBDD7800557B9C /* CoordinatorDemo.app */;
			productType = "com.apple.product-type.application";
		};
/* End PBXNativeTarget section */

/* Begin PBXProject section */
		2A06CF5E28FBDD7800557B9C /* Project object */ = {
			isa = PBXProject;
			attributes = {
				LastSwiftUpdateCheck = 1240;
				LastUpgradeCheck = 1240;
				TargetAttributes = {
					2A06CF6528FBDD7800557B9C = {
						CreatedOnToolsVersion = 12.4;
					};
				};
			};
			buildConfigurationList = 2A06CF6128FBDD7800557B9C /* Build configuration list for PBXProject "CoordinatorDemo" */;
			compatibilityVersion = "Xcode 12.0";
			developmentRegion = en;
			hasScannedForEncodings = 0;
			knownRegions = (
				en,
				Base,
			);
			mainGroup = 2A06CF5D28FBDD7800557B9C;
			productRefGroup = 2A06CF6728FBDD7800557B9C /* Products */;
			projectDirPath = "";
			projectRoot = "";
			targets = (
				2A06CF6528FBDD7800557B9C /* CoordinatorDemo */,
			);
		};
/* End PBXProject section */

/* Begin PBXResourcesBuildPhase section */
		2A06CF6428FBDD7800557B9C /* Resources */ = {
			isa = PBXResourcesBuildPhase;
			buildActionMask = 2147483647;
			files = (
				2A06CF7628FBDD8600557B9C /* LaunchScreen.storyboard in Resources */,
				2A06CF7328FBDD8600557B9C /* Assets.xcassets in Resources */,
				2A06CF7128FBDD7900557B9C /* Main.storyboard in Resources */,
			);
			runOnlyForDeploymentPostprocessing = 0;
		};
/* End PBXResourcesBuildPhase section */

/* Begin PBXSourcesBuildPhase section */
		2A06CF6228FBDD7800557B9C /* Sources */ = {
			isa = PBXSourcesBuildPhase;
			buildActionMask = 2147483647;
			files = (
				2AC1074128FC4544008DFAFB /* ViewController.swift in Sources */,
				2AC1074428FC4544008DFAFB /* DetailsCoordinator.swift in Sources */,
				2AC1074228FC4544008DFAFB /* MainCoordinator.swift in Sources */,
				2A06CF6A28FBDD7900557B9C /* AppDelegate.swift in Sources */,
				2AC1074528FC4544008DFAFB /* DetailsViewController.swift in Sources */,
				2AC1074628FC4544008DFAFB /* CoordinatorBoard.swift in Sources */,
				2A06CF6C28FBDD7900557B9C /* SceneDelegate.swift in Sources */,
				2AC1074328FC4544008DFAFB /* Models.swift in Sources */,
				2AC1074728FC4544008DFAFB /* Coordinator.swift in Sources */,
			);
			runOnlyForDeploymentPostprocessing = 0;
		};
/* End PBXSourcesBuildPhase section */

/* Begin PBXVariantGroup section */
		2A06CF6F28FBDD7900557B9C /* Main.storyboard */ = {
			isa = PBXVariantGroup;
			children = (
				2A06CF7028FBDD7900557B9C /* Base */,
			);
			name = Main.storyboard;
			sourceTree = "<group>";
		};
		2A06CF7428FBDD8600557B9C /* LaunchScreen.storyboard */ = {
			isa = PBXVariantGroup;
			children = (
				2A06CF7528FBDD8600557B9C /* Base */,
			);
			name = LaunchScreen.storyboard;
			sourceTree = "<group>";
		};
/* End PBXVariantGroup section */

/* Begin XCBuildConfiguration section */
		2A06CF7828FBDD8600557B9C /* Debug */ = {
			isa = XCBuildConfiguration;
			buildSettings = {
				ALWAYS_SEARCH_USER_PATHS = NO;
				CLANG_ANALYZER_NONNULL = YES;
				CLANG_ANALYZER_NUMBER_OBJECT_CONVERSION = YES_AGGRESSIVE;
				CLANG_CXX_LANGUAGE_STANDARD = "gnu++14";
				CLANG_CXX_LIBRARY = "libc++";
				CLANG_ENABLE_MODULES = YES;
				CLANG_ENABLE_OBJC_ARC = YES;
				CLANG_ENABLE_OBJC_WEAK = YES;
				CLANG_WARN_BLOCK_CAPTURE_AUTORELEASING = YES;
				CLANG_WARN_BOOL_CONVERSION = YES;
				CLANG_WARN_COMMA = YES;
				CLANG_WARN_CONSTANT_CONVERSION = YES;
				CLANG_WARN_DEPRECATED_OBJC_IMPLEMENTATIONS = YES;
				CLANG_WARN_DIRECT_OBJC_ISA_USAGE = YES_ERROR;
				CLANG_WARN_DOCUMENTATION_COMMENTS = YES;
				CLANG_WARN_EMPTY_BODY = YES;
				CLANG_WARN_ENUM_CONVERSION = YES;
				CLANG_WARN_INFINITE_RECURSION = YES;
				CLANG_WARN_INT_CONVERSION = YES;
				CLANG_WARN_NON_LITERAL_NULL_CONVERSION = YES;
				CLANG_WARN_OBJC_IMPLICIT_RETAIN_SELF = YES;
				CLANG_WARN_OBJC_LITERAL_CONVERSION = YES;
				CLANG_WARN_OBJC_ROOT_CLASS = YES_ERROR;
				CLANG_WARN_QUOTED_INCLUDE_IN_FRAMEWORK_HEADER = YES;
				CLANG_WARN_RANGE_LOOP_ANALYSIS = YES;
				CLANG_WARN_STRICT_PROTOTYPES = YES;
				CLANG_WARN_SUSPICIOUS_MOVE = YES;
				CLANG_WARN_UNGUARDED_AVAILABILITY = YES_AGGRESSIVE;
				CLANG_WARN_UNREACHABLE_CODE = YES;
				CLANG_WARN__DUPLICATE_METHOD_MATCH = YES;
				COPY_PHASE_STRIP = NO;
				DEBUG_INFORMATION_FORMAT = dwarf;
				ENABLE_STRICT_OBJC_MSGSEND = YES;
				ENABLE_TESTABILITY = YES;
				GCC_C_LANGUAGE_STANDARD = gnu11;
				GCC_DYNAMIC_NO_PIC = NO;
				GCC_NO_COMMON_BLOCKS = YES;
				GCC_OPTIMIZATION_LEVEL = 0;
				GCC_PREPROCESSOR_DEFINITIONS = (
					"DEBUG=1",
					"$(inherited)",
				);
				GCC_WARN_64_TO_32_BIT_CONVERSION = YES;
				GCC_WARN_ABOUT_RETURN_TYPE = YES_ERROR;
				GCC_WARN_UNDECLARED_SELECTOR = YES;
				GCC_WARN_UNINITIALIZED_AUTOS = YES_AGGRESSIVE;
				GCC_WARN_UNUSED_FUNCTION = YES;
				GCC_WARN_UNUSED_VARIABLE = YES;
				IPHONEOS_DEPLOYMENT_TARGET = 14.4;
				MTL_ENABLE_DEBUG_INFO = INCLUDE_SOURCE;
				MTL_FAST_MATH = YES;
				ONLY_ACTIVE_ARCH = YES;
				SDKROOT = iphoneos;
				SWIFT_ACTIVE_COMPILATION_CONDITIONS = DEBUG;
				SWIFT_OPTIMIZATION_LEVEL = "-Onone";
			};
			name = Debug;
		};
		2A06CF7928FBDD8600557B9C /* Release */ = {
			isa = XCBuildConfiguration;
			buildSettings = {
				ALWAYS_SEARCH_USER_PATHS = NO;
				CLANG_ANALYZER_NONNULL = YES;
				CLANG_ANALYZER_NUMBER_OBJECT_CONVERSION = YES_AGGRESSIVE;
				CLANG_CXX_LANGUAGE_STANDARD = "gnu++14";
				CLANG_CXX_LIBRARY = "libc++";
				CLANG_ENABLE_MODULES = YES;
				CLANG_ENABLE_OBJC_ARC = YES;
				CLANG_ENABLE_OBJC_WEAK = YES;
				CLANG_WARN_BLOCK_CAPTURE_AUTORELEASING = YES;
				CLANG_WARN_BOOL_CONVERSION = YES;
				CLANG_WARN_COMMA = YES;
				CLANG_WARN_CONSTANT_CONVERSION = YES;
				CLANG_WARN_DEPRECATED_OBJC_IMPLEMENTATIONS = YES;
				CLANG_WARN_DIRECT_OBJC_ISA_USAGE = YES_ERROR;
				CLANG_WARN_DOCUMENTATION_COMMENTS = YES;
				CLANG_WARN_EMPTY_BODY = YES;
				CLANG_WARN_ENUM_CONVERSION = YES;
				CLANG_WARN_INFINITE_RECURSION = YES;
				CLANG_WARN_INT_CONVERSION = YES;
				CLANG_WARN_NON_LITERAL_NULL_CONVERSION = YES;
				CLANG_WARN_OBJC_IMPLICIT_RETAIN_SELF = YES;
				CLANG_WARN_OBJC_LITERAL_CONVERSION = YES;
				CLANG_WARN_OBJC_ROOT_CLASS = YES_ERROR;
				CLANG_WARN_QUOTED_INCLUDE_IN_FRAMEWORK_HEADER = YES;
				CLANG_WARN_RANGE_LOOP_ANALYSIS = YES;
				CLANG_WARN_STRICT_PROTOTYPES = YES;
				CLANG_WARN_SUSPICIOUS_MOVE = YES;
				CLANG_WARN_UNGUARDED_AVAILABILITY = YES_AGGRESSIVE;
				CLANG_WARN_UNREACHABLE_CODE = YES;
				CLANG_WARN__DUPLICATE_METHOD_MATCH = YES;
				COPY_PHASE_STRIP = NO;
				DEBUG_INFORMATION_FORMAT = "dwarf-with-dsym";
				ENABLE_NS_ASSERTIONS = NO;
				ENABLE_STRICT_OBJC_MSGSEND = YES;
				GCC_C_LANGUAGE_STANDARD = gnu11;
				GCC_NO_COMMON_BLOCKS = YES;
				GCC_WARN_64_TO_32_BIT_CONVERSION = YES;
				GCC_WARN_ABOUT_RETURN_TYPE = YES_ERROR;
				GCC_WARN_UNDECLARED_SELECTOR = YES;
				GCC_WARN_UNINITIALIZED_AUTOS = YES_AGGRESSIVE;
				GCC_WARN_UNUSED_FUNCTION = YES;
				GCC_WARN_UNUSED_VARIABLE = YES;
				IPHONEOS_DEPLOYMENT_TARGET = 14.4;
				MTL_ENABLE_DEBUG_INFO = NO;
				MTL_FAST_MATH = YES;
				SDKROOT = iphoneos;
				SWIFT_COMPILATION_MODE = wholemodule;
				SWIFT_OPTIMIZATION_LEVEL = "-O";
				VALIDATE_PRODUCT = YES;
			};
			name = Release;
		};
		2A06CF7B28FBDD8600557B9C /* Debug */ = {
			isa = XCBuildConfiguration;
			buildSettings = {
				ASSETCATALOG_COMPILER_APPICON_NAME = AppIcon;
				ASSETCATALOG_COMPILER_GLOBAL_ACCENT_COLOR_NAME = AccentColor;
				CODE_SIGN_STYLE = Automatic;
				CURRENT_PROJECT_VERSION = 1.0;
				DEVELOPMENT_TEAM = EAKE7UE52R;
				INFOPLIST_FILE = CoordinatorDemo/Info.plist;
				IPHONEOS_DEPLOYMENT_TARGET = 13.0;
				LD_RUNPATH_SEARCH_PATHS = (
					"$(inherited)",
					"@executable_path/Frameworks",
				);
				PRODUCT_BUNDLE_IDENTIFIER = com.company.CoordinatorDemo;
				PRODUCT_NAME = "$(TARGET_NAME)";
				SWIFT_VERSION = 5.0;
				TARGETED_DEVICE_FAMILY = "1,2";
			};
			name = Debug;
		};
		2A06CF7C28FBDD8600557B9C /* Release */ = {
			isa = XCBuildConfiguration;
			buildSettings = {
				ASSETCATALOG_COMPILER_APPICON_NAME = AppIcon;
				ASSETCATALOG_COMPILER_GLOBAL_ACCENT_COLOR_NAME = AccentColor;
				CODE_SIGN_STYLE = Automatic;
				CURRENT_PROJECT_VERSION = 1.0;
				DEVELOPMENT_TEAM = EAKE7UE52R;
				INFOPLIST_FILE = CoordinatorDemo/Info.plist;
				IPHONEOS_DEPLOYMENT_TARGET = 13.0;
				LD_RUNPATH_SEARCH_PATHS = (
					"$(inherited)",
					"@executable_path/Frameworks",
				);
				PRODUCT_BUNDLE_IDENTIFIER = com.company.CoordinatorDemo;
				PRODUCT_NAME = "$(TARGET_NAME)";
				SWIFT_VERSION = 5.0;
				TARGETED_DEVICE_FAMILY = "1,2";
			};
			name = Release;
		};
/* End XCBuildConfiguration section */

/* Begin XCConfigurationList section */
		2A06CF6128FBDD7800557B9C /* Build configuration list for PBXProject "CoordinatorDemo" */ = {
			isa = XCConfigurationList;
			buildConfigurations = (
				2A06CF7828FBDD8600557B9C /* Debug */,
				2A06CF7928FBDD8600557B9C /* Release */,
			);
			defaultConfigurationIsVisible = 0;
			defaultConfigurationName = Release;
		};
		2A06CF7A28FBDD8600557B9C /* Build configuration list for PBXNativeTarget "CoordinatorDemo" */ = {
			isa = XCConfigurationList;
			buildConfigurations = (
				2A06CF7B28FBDD8600557B9C /* Debug */,
				2A06CF7C28FBDD8600557B9C /* Release */,
			);
			defaultConfigurationIsVisible = 0;
			defaultConfigurationName = Release;
		};
/* End XCConfigurationList section */
	};
	rootObject = 2A06CF5E28FBDD7800557B9C /* Project object */;
}
